
Microsoft Visual Studio Solution File, Format Version 12.00
# Visual Studio 15
VisualStudioVersion = 15.0.27004.2005
MinimumVisualStudioVersion = 10.0.40219.1
Project("{FAE04EC0-301F-11D3-BF4B-00C04F79EFBC}") = "Dopravio_desktop", "DP_DOPRAVIO\Dopravio_desktop.csproj", "{735355EA-6715-471C-9418-48CA59EFFE73}"
EndProject
Project("{9A19103F-16F7-4668-BE54-9A1E7A4F7556}") = "Dopravio_api", "Dopravio_api\Dopravio_api.csproj", "{BECB5666-C0F0-4E31-8138-0BF003C84FCF}"
EndProject
Project("{FAE04EC0-301F-11D3-BF4B-00C04F79EFBC}") = "Dopravio_Web", "Dopravio_Web\Dopravio_Web.csproj", "{5DDA92A2-2503-4894-9086-14595ED72B01}"
EndProject
Global
	GlobalSection(SolutionConfigurationPlatforms) = preSolution
		Debug|Any CPU = Debug|Any CPU
		Release|Any CPU = Release|Any CPU
	EndGlobalSection
	GlobalSection(ProjectConfigurationPlatforms) = postSolution
		{735355EA-6715-471C-9418-48CA59EFFE73}.Debug|Any CPU.ActiveCfg = Debug|Any CPU
		{735355EA-6715-471C-9418-48CA59EFFE73}.Debug|Any CPU.Build.0 = Debug|Any CPU
		{735355EA-6715-471C-9418-48CA59EFFE73}.Release|Any CPU.ActiveCfg = Release|Any CPU
		{735355EA-6715-471C-9418-48CA59EFFE73}.Release|Any CPU.Build.0 = Release|Any CPU
		{BECB5666-C0F0-4E31-8138-0BF003C84FCF}.Debug|Any CPU.ActiveCfg = Debug|Any CPU
		{BECB5666-C0F0-4E31-8138-0BF003C84FCF}.Debug|Any CPU.Build.0 = Debug|Any CPU
		{BECB5666-C0F0-4E31-8138-0BF003C84FCF}.Release|Any CPU.ActiveCfg = Release|Any CPU
		{BECB5666-C0F0-4E31-8138-0BF003C84FCF}.Release|Any CPU.Build.0 = Release|Any CPU
		{5DDA92A2-2503-4894-9086-14595ED72B01}.Debug|Any CPU.ActiveCfg = Debug|Any CPU
		{5DDA92A2-2503-4894-9086-14595ED72B01}.Debug|Any CPU.Build.0 = Debug|Any CPU
		{5DDA92A2-2503-4894-9086-14595ED72B01}.Release|Any CPU.ActiveCfg = Release|Any CPU
		{5DDA92A2-2503-4894-9086-14595ED72B01}.Release|Any CPU.Build.0 = Release|Any CPU
	EndGlobalSection
	GlobalSection(SolutionProperties) = preSolution
		HideSolutionNode = FALSE
	EndGlobalSection
	GlobalSection(ExtensibilityGlobals) = postSolution
		SolutionGuid = {F00B54A1-B692-4930-9AF0-523B2414556C}
	EndGlobalSection
EndGlobal
